<Solution>
  <Folder Name="/src/">
    <Project Path="src/LlmInspector.Domain/LlmInspector.Domain.csproj" />
    <Project Path="src/LlmInspector.Application/LlmInspector.Application.csproj" />
    <Project Path="src/LlmInspector.Gateway/LlmInspector.Gateway.csproj" />
    <Project Path="src/LlmInspector.Adapters/LlmInspector.Adapters.csproj" />
    <Project Path="src/LlmInspector.Telemetry/LlmInspector.Telemetry.csproj" />
    <Project Path="src/LlmInspector.Storage.Sqlite/LlmInspector.Storage.Sqlite.csproj" />
    <Project Path="src/LlmInspector.Resources.Windows/LlmInspector.Resources.Windows.csproj" />
    <Project Path="src/LlmInspector.Diagnostics/LlmInspector.Diagnostics.csproj" />
    <Project Path="src/LlmInspector.App/LlmInspector.App.csproj" />
  </Folder>
  <Folder Name="/tests/">
    <Project Path="tests/LlmInspector.UnitTests/LlmInspector.UnitTests.csproj" />
    <Project Path="tests/LlmInspector.ContractTests/LlmInspector.ContractTests.csproj" />
    <Project Path="tests/LlmInspector.IntegrationTests/LlmInspector.IntegrationTests.csproj" />
    <Project Path="tests/LlmInspector.PrivacyTests/LlmInspector.PrivacyTests.csproj" />
    <Project Path="tests/LlmInspector.WindowsTests/LlmInspector.WindowsTests.csproj" />
    <Project Path="tests/LlmInspector.PerformanceTests/LlmInspector.PerformanceTests.csproj" />
  </Folder>
</Solution>
